
Microsoft Visual Studio Solution File, Format Version 12.00
# Visual Studio 15
Project("{FAE04EC0-301F-11D3-BF4B-00C04F79EFBC}") = "Assembly-CSharp", "Assembly-CSharp.csproj", "{65C34E86-89AF-AE1B-49DF-FAB906964A71}"
EndProject
Project("{FAE04EC0-301F-11D3-BF4B-00C04F79EFBC}") = "Assembly-CSharp-Editor", "Assembly-CSharp-Editor.csproj", "{345E7539-89AD-B76F-99F1-ACA8354E2403}"
EndProject
Global
	GlobalSection(SolutionConfigurationPlatforms) = preSolution
		Debug|Any CPU = Debug|Any CPU
		Release|Any CPU = Release|Any CPU
	EndGlobalSection
	GlobalSection(ProjectConfigurationPlatforms) = postSolution
		{65C34E86-89AF-AE1B-49DF-FAB906964A71}.Debug|Any CPU.ActiveCfg = Debug|Any CPU
		{65C34E86-89AF-AE1B-49DF-FAB906964A71}.Debug|Any CPU.Build.0 = Debug|Any CPU
		{65C34E86-89AF-AE1B-49DF-FAB906964A71}.Release|Any CPU.ActiveCfg = Release|Any CPU
		{65C34E86-89AF-AE1B-49DF-FAB906964A71}.Release|Any CPU.Build.0 = Release|Any CPU
		{345E7539-89AD-B76F-99F1-ACA8354E2403}.Debug|Any CPU.ActiveCfg = Debug|Any CPU
		{345E7539-89AD-B76F-99F1-ACA8354E2403}.Debug|Any CPU.Build.0 = Debug|Any CPU
		{345E7539-89AD-B76F-99F1-ACA8354E2403}.Release|Any CPU.ActiveCfg = Release|Any CPU
		{345E7539-89AD-B76F-99F1-ACA8354E2403}.Release|Any CPU.Build.0 = Release|Any CPU
	EndGlobalSection
	GlobalSection(SolutionProperties) = preSolution
		HideSolutionNode = FALSE
	EndGlobalSection
EndGlobal
